
Microsoft Visual Studio Solution File, Format Version 12.00
# Visual Studio Version 17
VisualStudioVersion = 17.9.34728.123
MinimumVisualStudioVersion = 10.0.40219.1
Project("{FAE04EC0-301F-11D3-BF4B-00C04F79EFBC}") = "InvoiceMangement.Api", "InvoiceMangement.Api\InvoiceMangement.Api.csproj", "{405FFE5F-0191-4143-BC35-FD8AD2789BCF}"
EndProject
Project("{FAE04EC0-301F-11D3-BF4B-00C04F79EFBC}") = "InvoiceMangement.Ui", "InvoiceMangement.Ui\InvoiceMangement.Ui.csproj", "{9D49AAA1-B82E-4934-8066-54688CEA3D68}"
EndProject
Project("{2150E333-8FDC-42A3-9474-1A3956D46DE8}") = "Éléments de solution", "Éléments de solution", "{749818C7-54D4-45D2-9462-71A620FFFA0E}"
	ProjectSection(SolutionItems) = preProject
		.gitignore = .gitignore
	EndProjectSection
EndProject
Global
	GlobalSection(SolutionConfigurationPlatforms) = preSolution
		Debug|Any CPU = Debug|Any CPU
		Release|Any CPU = Release|Any CPU
	EndGlobalSection
	GlobalSection(ProjectConfigurationPlatforms) = postSolution
		{405FFE5F-0191-4143-BC35-FD8AD2789BCF}.Debug|Any CPU.ActiveCfg = Debug|Any CPU
		{405FFE5F-0191-4143-BC35-FD8AD2789BCF}.Debug|Any CPU.Build.0 = Debug|Any CPU
		{405FFE5F-0191-4143-BC35-FD8AD2789BCF}.Release|Any CPU.ActiveCfg = Release|Any CPU
		{405FFE5F-0191-4143-BC35-FD8AD2789BCF}.Release|Any CPU.Build.0 = Release|Any CPU
		{9D49AAA1-B82E-4934-8066-54688CEA3D68}.Debug|Any CPU.ActiveCfg = Debug|Any CPU
		{9D49AAA1-B82E-4934-8066-54688CEA3D68}.Debug|Any CPU.Build.0 = Debug|Any CPU
		{9D49AAA1-B82E-4934-8066-54688CEA3D68}.Release|Any CPU.ActiveCfg = Release|Any CPU
		{9D49AAA1-B82E-4934-8066-54688CEA3D68}.Release|Any CPU.Build.0 = Release|Any CPU
	EndGlobalSection
	GlobalSection(SolutionProperties) = preSolution
		HideSolutionNode = FALSE
	EndGlobalSection
	GlobalSection(ExtensibilityGlobals) = postSolution
		SolutionGuid = {1208A4C3-6E28-4F92-A4BC-4111BF2B9F27}
	EndGlobalSection
EndGlobal
